// !$*UTF8*$!
{
	archiveVersion = 1;
	classes = {
	};
	objectVersion = 56;
	objects = {

/* Begin PBXBuildFile section */
		2A20C95B2C4B147900533CFB /* GameEngineTests.swift in Sources */ = {isa = PBXBuildFile; fileRef = 2A20C95A2C4B147900533CFB /* GameEngineTests.swift */; };
		2A20C95E2C4B16A400533CFB /* MockDefaults.swift in Sources */ = {isa = PBXBuildFile; fileRef = 2A20C95D2C4B16A400533CFB /* MockDefaults.swift */; };
		2A2EC7A62C3F1E1E00F0AFBE /* BoardColorTheme.swift in Sources */ = {isa = PBXBuildFile; fileRef = 2A2EC7A52C3F1E1E00F0AFBE /* BoardColorTheme.swift */; };
		2A2EC7A82C3F21BE00F0AFBE /* Colors.swift in Sources */ = {isa = PBXBuildFile; fileRef = 2A2EC7A72C3F21BE00F0AFBE /* Colors.swift */; };
		2A31376E2C3AD91200B68401 /* ChessOnlyWatchOS Watch App.app in Embed Watch Content */ = {isa = PBXBuildFile; fileRef = 2A31376D2C3AD91200B68401 /* ChessOnlyWatchOS Watch App.app */; settings = {ATTRIBUTES = (RemoveHeadersOnCopy, ); }; };
		2A3137732C3AD91200B68401 /* ChessOnlyWatchOSApp.swift in Sources */ = {isa = PBXBuildFile; fileRef = 2A3137722C3AD91200B68401 /* ChessOnlyWatchOSApp.swift */; };
		2A3137752C3AD91200B68401 /* GameFieldView.swift in Sources */ = {isa = PBXBuildFile; fileRef = 2A3137742C3AD91200B68401 /* GameFieldView.swift */; };
		2A3137772C3AD91400B68401 /* Assets.xcassets in Resources */ = {isa = PBXBuildFile; fileRef = 2A3137762C3AD91400B68401 /* Assets.xcassets */; };
		2A31377A2C3AD91400B68401 /* Preview Assets.xcassets in Resources */ = {isa = PBXBuildFile; fileRef = 2A3137792C3AD91400B68401 /* Preview Assets.xcassets */; };
		2A31378E2C3AD91400B68401 /* ChessOnlyWatchOS_Watch_AppUITests.swift in Sources */ = {isa = PBXBuildFile; fileRef = 2A31378D2C3AD91400B68401 /* ChessOnlyWatchOS_Watch_AppUITests.swift */; };
		2A3137902C3AD91400B68401 /* ChessOnlyWatchOS_Watch_AppUITestsLaunchTests.swift in Sources */ = {isa = PBXBuildFile; fileRef = 2A31378F2C3AD91400B68401 /* ChessOnlyWatchOS_Watch_AppUITestsLaunchTests.swift */; };
		2A3137A22C3AE57200B68401 /* StartView.swift in Sources */ = {isa = PBXBuildFile; fileRef = 2A3137A12C3AE57200B68401 /* StartView.swift */; };
		2A3137A52C3AE59700B68401 /* CompactButton.swift in Sources */ = {isa = PBXBuildFile; fileRef = 2A3137A42C3AE59700B68401 /* CompactButton.swift */; };
		2A3137A82C3AF38700B68401 /* Piece.swift in Sources */ = {isa = PBXBuildFile; fileRef = 2A3137A72C3AF38700B68401 /* Piece.swift */; };
		2A3137AC2C3AF41300B68401 /* GameFieldViewModel.swift in Sources */ = {isa = PBXBuildFile; fileRef = 2A3137AB2C3AF41300B68401 /* GameFieldViewModel.swift */; };
		2A3137AF2C3AF47800B68401 /* GameEngine.swift in Sources */ = {isa = PBXBuildFile; fileRef = 2A3137AE2C3AF47800B68401 /* GameEngine.swift */; };
		2A3137B22C3AFBE600B68401 /* Collection.swift in Sources */ = {isa = PBXBuildFile; fileRef = 2A3137B12C3AFBE600B68401 /* Collection.swift */; };
		2A3137B42C3AFCF500B68401 /* View.swift in Sources */ = {isa = PBXBuildFile; fileRef = 2A3137B32C3AFCF500B68401 /* View.swift */; };
		2A3137B72C3B166200B68401 /* CellPicker.swift in Sources */ = {isa = PBXBuildFile; fileRef = 2A3137B62C3B166200B68401 /* CellPicker.swift */; };
		2A7032042D340C2D001F23FA /* IntMoveConverter.swift in Sources */ = {isa = PBXBuildFile; fileRef = 2A7032032D340C2D001F23FA /* IntMoveConverter.swift */; };
		2A7032062D34404B001F23FA /* MatrixPrinter.swift in Sources */ = {isa = PBXBuildFile; fileRef = 2A7032052D34404B001F23FA /* MatrixPrinter.swift */; };
		2A8F231E2D33E4CC00238175 /* chess_model_from_export.mlpackage in Sources */ = {isa = PBXBuildFile; fileRef = 2A8F231D2D33E4CC00238175 /* chess_model_from_export.mlpackage */; };
		2A8F23212D33E57F00238175 /* AIEngine.swift in Sources */ = {isa = PBXBuildFile; fileRef = 2A8F23202D33E57F00238175 /* AIEngine.swift */; };
		2A8F23232D33F2A700238175 /* heavy_move_to_int.json in Resources */ = {isa = PBXBuildFile; fileRef = 2A8F23222D33F2A700238175 /* heavy_move_to_int.json */; };
		2A8F23252D33F47300238175 /* Move+Formatting.swift in Sources */ = {isa = PBXBuildFile; fileRef = 2A8F23242D33F47300238175 /* Move+Formatting.swift */; };
		2A8F23282D34039C00238175 /* MoveTests.swift in Sources */ = {isa = PBXBuildFile; fileRef = 2A8F23272D34039C00238175 /* MoveTests.swift */; };
		2A8F232A2D3403B600238175 /* MockAIEngine.swift in Sources */ = {isa = PBXBuildFile; fileRef = 2A8F23292D3403B600238175 /* MockAIEngine.swift */; };
		2AA17F9A2C5681C300E1CD05 /* GameEngine+AI.swift in Sources */ = {isa = PBXBuildFile; fileRef = 2AA17F992C5681C300E1CD05 /* GameEngine+AI.swift */; };
		2AA2D9462C5D77FD004E7EB9 /* MeasureTime.swift in Sources */ = {isa = PBXBuildFile; fileRef = 2AA2D9452C5D77FD004E7EB9 /* MeasureTime.swift */; };
		2ABBCBBD2C51A66E002609AF /* GameEngine+SlidingMoves.swift in Sources */ = {isa = PBXBuildFile; fileRef = 2ABBCBBC2C51A66E002609AF /* GameEngine+SlidingMoves.swift */; };
		2ABBCBC02C51A9D3002609AF /* GameEngine+KnightMoves.swift in Sources */ = {isa = PBXBuildFile; fileRef = 2ABBCBBF2C51A9D3002609AF /* GameEngine+KnightMoves.swift */; };
		2ABBCBC22C51AA53002609AF /* GameEngine+KingMoves.swift in Sources */ = {isa = PBXBuildFile; fileRef = 2ABBCBC12C51AA53002609AF /* GameEngine+KingMoves.swift */; };
		2ABBCBC42C51AAF9002609AF /* GameEngine+PawnMoves.swift in Sources */ = {isa = PBXBuildFile; fileRef = 2ABBCBC32C51AAF9002609AF /* GameEngine+PawnMoves.swift */; };
		2ABBCBC62C51ABDA002609AF /* GameEngine+FENLoader.swift in Sources */ = {isa = PBXBuildFile; fileRef = 2ABBCBC52C51ABDA002609AF /* GameEngine+FENLoader.swift */; };
		2ABBCBC82C51AC38002609AF /* GameEngine+MoveValidation.swift in Sources */ = {isa = PBXBuildFile; fileRef = 2ABBCBC72C51AC38002609AF /* GameEngine+MoveValidation.swift */; };
		2ABBCBCA2C51ACDC002609AF /* GameEngine+Castling.swift in Sources */ = {isa = PBXBuildFile; fileRef = 2ABBCBC92C51ACDC002609AF /* GameEngine+Castling.swift */; };
		2ABBCBCC2C51AEFB002609AF /* GameEngine+Moves.swift in Sources */ = {isa = PBXBuildFile; fileRef = 2ABBCBCB2C51AEFB002609AF /* GameEngine+Moves.swift */; };
		2AC0C0392C3BB31300C1B9F4 /* Move.swift in Sources */ = {isa = PBXBuildFile; fileRef = 2AC0C0382C3BB31300C1B9F4 /* Move.swift */; };
		2AC0C03B2C3C44FF00C1B9F4 /* BoardPosition.swift in Sources */ = {isa = PBXBuildFile; fileRef = 2AC0C03A2C3C44FF00C1B9F4 /* BoardPosition.swift */; };
		2AC221FB2C486DD200AB462F /* CastlingSide.swift in Sources */ = {isa = PBXBuildFile; fileRef = 2AC221FA2C486DD200AB462F /* CastlingSide.swift */; };
		2ACFF3A22C3B32B400E9F05F /* SettingsView.swift in Sources */ = {isa = PBXBuildFile; fileRef = 2ACFF3A12C3B32B400E9F05F /* SettingsView.swift */; };
		2ACFF3A52C3B33CA00E9F05F /* SettingsViewModel.swift in Sources */ = {isa = PBXBuildFile; fileRef = 2ACFF3A42C3B33CA00E9F05F /* SettingsViewModel.swift */; };
		2ACFF3A72C3B341000E9F05F /* Defaults.swift in Sources */ = {isa = PBXBuildFile; fileRef = 2ACFF3A62C3B341000E9F05F /* Defaults.swift */; };
		2ACFF3A92C3B379C00E9F05F /* Notification.swift in Sources */ = {isa = PBXBuildFile; fileRef = 2ACFF3A82C3B379C00E9F05F /* Notification.swift */; };
		2ACFF3AB2C3B3F4A00E9F05F /* Constants.swift in Sources */ = {isa = PBXBuildFile; fileRef = 2ACFF3AA2C3B3F4A00E9F05F /* Constants.swift */; };
		2AEEF34A2C751DE000BFF8DF /* GameEngine+PrecomputedMoveData.swift in Sources */ = {isa = PBXBuildFile; fileRef = 2AEEF3492C751DE000BFF8DF /* GameEngine+PrecomputedMoveData.swift */; };
		2AFA6EAA2C748AD10083857E /* Images.swift in Sources */ = {isa = PBXBuildFile; fileRef = 2AFA6EA92C748AD10083857E /* Images.swift */; };
		84F46A002C44785300D2FB5B /* capture.mp3 in Resources */ = {isa = PBXBuildFile; fileRef = 84F469FC2C44785300D2FB5B /* capture.mp3 */; };
		84F46A012C44785300D2FB5B /* move-check.mp3 in Resources */ = {isa = PBXBuildFile; fileRef = 84F469FD2C44785300D2FB5B /* move-check.mp3 */; };
		84F46A022C44785300D2FB5B /* move-self.mp3 in Resources */ = {isa = PBXBuildFile; fileRef = 84F469FE2C44785300D2FB5B /* move-self.mp3 */; };
		84F46A032C44785300D2FB5B /* castle.mp3 in Resources */ = {isa = PBXBuildFile; fileRef = 84F469FF2C44785300D2FB5B /* castle.mp3 */; };
/* End PBXBuildFile section */

/* Begin PBXContainerItemProxy section */
		2A31376F2C3AD91200B68401 /* PBXContainerItemProxy */ = {
			isa = PBXContainerItemProxy;
			containerPortal = 2A3137612C3AD91100B68401 /* Project object */;
			proxyType = 1;
			remoteGlobalIDString = 2A31376C2C3AD91200B68401;
			remoteInfo = "ChessOnlyWatchOS Watch App";
		};
		2A3137802C3AD91400B68401 /* PBXContainerItemProxy */ = {
			isa = PBXContainerItemProxy;
			containerPortal = 2A3137612C3AD91100B68401 /* Project object */;
			proxyType = 1;
			remoteGlobalIDString = 2A31376C2C3AD91200B68401;
			remoteInfo = "ChessOnlyWatchOS Watch App";
		};
		2A31378A2C3AD91400B68401 /* PBXContainerItemProxy */ = {
			isa = PBXContainerItemProxy;
			containerPortal = 2A3137612C3AD91100B68401 /* Project object */;
			proxyType = 1;
			remoteGlobalIDString = 2A31376C2C3AD91200B68401;
			remoteInfo = "ChessOnlyWatchOS Watch App";
		};
/* End PBXContainerItemProxy section */

/* Begin PBXCopyFilesBuildPhase section */
		2A3137962C3AD91400B68401 /* Embed Watch Content */ = {
			isa = PBXCopyFilesBuildPhase;
			buildActionMask = 2147483647;
			dstPath = "$(CONTENTS_FOLDER_PATH)/Watch";
			dstSubfolderSpec = 16;
			files = (
				2A31376E2C3AD91200B68401 /* ChessOnlyWatchOS Watch App.app in Embed Watch Content */,
			);
			name = "Embed Watch Content";
			runOnlyForDeploymentPostprocessing = 0;
		};
/* End PBXCopyFilesBuildPhase section */

/* Begin PBXFileReference section */
		2A20C95A2C4B147900533CFB /* GameEngineTests.swift */ = {isa = PBXFileReference; lastKnownFileType = sourcecode.swift; path = GameEngineTests.swift; sourceTree = "<group>"; };
		2A20C95D2C4B16A400533CFB /* MockDefaults.swift */ = {isa = PBXFileReference; lastKnownFileType = sourcecode.swift; path = MockDefaults.swift; sourceTree = "<group>"; };
		2A2EC7A52C3F1E1E00F0AFBE /* BoardColorTheme.swift */ = {isa = PBXFileReference; lastKnownFileType = sourcecode.swift; path = BoardColorTheme.swift; sourceTree = "<group>"; };
		2A2EC7A72C3F21BE00F0AFBE /* Colors.swift */ = {isa = PBXFileReference; lastKnownFileType = sourcecode.swift; path = Colors.swift; sourceTree = "<group>"; };
		2A3137672C3AD91200B68401 /* ChessOnlyWatchOS.app */ = {isa = PBXFileReference; explicitFileType = wrapper.application; includeInIndex = 0; path = ChessOnlyWatchOS.app; sourceTree = BUILT_PRODUCTS_DIR; };
		2A31376D2C3AD91200B68401 /* ChessOnlyWatchOS Watch App.app */ = {isa = PBXFileReference; explicitFileType = wrapper.application; includeInIndex = 0; path = "ChessOnlyWatchOS Watch App.app"; sourceTree = BUILT_PRODUCTS_DIR; };
		2A3137722C3AD91200B68401 /* ChessOnlyWatchOSApp.swift */ = {isa = PBXFileReference; lastKnownFileType = sourcecode.swift; path = ChessOnlyWatchOSApp.swift; sourceTree = "<group>"; };
		2A3137742C3AD91200B68401 /* GameFieldView.swift */ = {isa = PBXFileReference; lastKnownFileType = sourcecode.swift; path = GameFieldView.swift; sourceTree = "<group>"; };
		2A3137762C3AD91400B68401 /* Assets.xcassets */ = {isa = PBXFileReference; lastKnownFileType = folder.assetcatalog; path = Assets.xcassets; sourceTree = "<group>"; };
		2A3137792C3AD91400B68401 /* Preview Assets.xcassets */ = {isa = PBXFileReference; lastKnownFileType = folder.assetcatalog; path = "Preview Assets.xcassets"; sourceTree = "<group>"; };
		2A31377F2C3AD91400B68401 /* ChessOnlyWatchOS Watch AppTests.xctest */ = {isa = PBXFileReference; explicitFileType = wrapper.cfbundle; includeInIndex = 0; path = "ChessOnlyWatchOS Watch AppTests.xctest"; sourceTree = BUILT_PRODUCTS_DIR; };
		2A3137892C3AD91400B68401 /* ChessOnlyWatchOS Watch AppUITests.xctest */ = {isa = PBXFileReference; explicitFileType = wrapper.cfbundle; includeInIndex = 0; path = "ChessOnlyWatchOS Watch AppUITests.xctest"; sourceTree = BUILT_PRODUCTS_DIR; };
		2A31378D2C3AD91400B68401 /* ChessOnlyWatchOS_Watch_AppUITests.swift */ = {isa = PBXFileReference; lastKnownFileType = sourcecode.swift; path = ChessOnlyWatchOS_Watch_AppUITests.swift; sourceTree = "<group>"; };
		2A31378F2C3AD91400B68401 /* ChessOnlyWatchOS_Watch_AppUITestsLaunchTests.swift */ = {isa = PBXFileReference; lastKnownFileType = sourcecode.swift; path = ChessOnlyWatchOS_Watch_AppUITestsLaunchTests.swift; sourceTree = "<group>"; };
		2A3137A12C3AE57200B68401 /* StartView.swift */ = {isa = PBXFileReference; lastKnownFileType = sourcecode.swift; path = StartView.swift; sourceTree = "<group>"; };
		2A3137A42C3AE59700B68401 /* CompactButton.swift */ = {isa = PBXFileReference; lastKnownFileType = sourcecode.swift; path = CompactButton.swift; sourceTree = "<group>"; };
		2A3137A72C3AF38700B68401 /* Piece.swift */ = {isa = PBXFileReference; lastKnownFileType = sourcecode.swift; path = Piece.swift; sourceTree = "<group>"; };
		2A3137AB2C3AF41300B68401 /* GameFieldViewModel.swift */ = {isa = PBXFileReference; lastKnownFileType = sourcecode.swift; path = GameFieldViewModel.swift; sourceTree = "<group>"; };
		2A3137AE2C3AF47800B68401 /* GameEngine.swift */ = {isa = PBXFileReference; lastKnownFileType = sourcecode.swift; path = GameEngine.swift; sourceTree = "<group>"; };
		2A3137B12C3AFBE600B68401 /* Collection.swift */ = {isa = PBXFileReference; lastKnownFileType = sourcecode.swift; path = Collection.swift; sourceTree = "<group>"; };
		2A3137B32C3AFCF500B68401 /* View.swift */ = {isa = PBXFileReference; lastKnownFileType = sourcecode.swift; path = View.swift; sourceTree = "<group>"; };
		2A3137B62C3B166200B68401 /* CellPicker.swift */ = {isa = PBXFileReference; lastKnownFileType = sourcecode.swift; path = CellPicker.swift; sourceTree = "<group>"; };
		2A7032032D340C2D001F23FA /* IntMoveConverter.swift */ = {isa = PBXFileReference; lastKnownFileType = sourcecode.swift; path = IntMoveConverter.swift; sourceTree = "<group>"; };
		2A7032052D34404B001F23FA /* MatrixPrinter.swift */ = {isa = PBXFileReference; lastKnownFileType = sourcecode.swift; path = MatrixPrinter.swift; sourceTree = "<group>"; };
		2A8F231D2D33E4CC00238175 /* chess_model_from_export.mlpackage */ = {isa = PBXFileReference; lastKnownFileType = folder.mlpackage; path = chess_model_from_export.mlpackage; sourceTree = "<group>"; };
		2A8F23202D33E57F00238175 /* AIEngine.swift */ = {isa = PBXFileReference; lastKnownFileType = sourcecode.swift; path = AIEngine.swift; sourceTree = "<group>"; };
		2A8F23222D33F2A700238175 /* heavy_move_to_int.json */ = {isa = PBXFileReference; fileEncoding = 4; lastKnownFileType = text.json; path = heavy_move_to_int.json; sourceTree = "<group>"; };
		2A8F23242D33F47300238175 /* Move+Formatting.swift */ = {isa = PBXFileReference; lastKnownFileType = sourcecode.swift; path = "Move+Formatting.swift"; sourceTree = "<group>"; };
		2A8F23272D34039C00238175 /* MoveTests.swift */ = {isa = PBXFileReference; lastKnownFileType = sourcecode.swift; path = MoveTests.swift; sourceTree = "<group>"; };
		2A8F23292D3403B600238175 /* MockAIEngine.swift */ = {isa = PBXFileReference; lastKnownFileType = sourcecode.swift; path = MockAIEngine.swift; sourceTree = "<group>"; };
		2AA17F992C5681C300E1CD05 /* GameEngine+AI.swift */ = {isa = PBXFileReference; lastKnownFileType = sourcecode.swift; path = "GameEngine+AI.swift"; sourceTree = "<group>"; };
		2AA2D9452C5D77FD004E7EB9 /* MeasureTime.swift */ = {isa = PBXFileReference; lastKnownFileType = sourcecode.swift; path = MeasureTime.swift; sourceTree = "<group>"; };
		2ABBCBBC2C51A66E002609AF /* GameEngine+SlidingMoves.swift */ = {isa = PBXFileReference; lastKnownFileType = sourcecode.swift; path = "GameEngine+SlidingMoves.swift"; sourceTree = "<group>"; };
		2ABBCBBF2C51A9D3002609AF /* GameEngine+KnightMoves.swift */ = {isa = PBXFileReference; lastKnownFileType = sourcecode.swift; path = "GameEngine+KnightMoves.swift"; sourceTree = "<group>"; };
		2ABBCBC12C51AA53002609AF /* GameEngine+KingMoves.swift */ = {isa = PBXFileReference; lastKnownFileType = sourcecode.swift; path = "GameEngine+KingMoves.swift"; sourceTree = "<group>"; };
		2ABBCBC32C51AAF9002609AF /* GameEngine+PawnMoves.swift */ = {isa = PBXFileReference; lastKnownFileType = sourcecode.swift; path = "GameEngine+PawnMoves.swift"; sourceTree = "<group>"; };
		2ABBCBC52C51ABDA002609AF /* GameEngine+FENLoader.swift */ = {isa = PBXFileReference; lastKnownFileType = sourcecode.swift; path = "GameEngine+FENLoader.swift"; sourceTree = "<group>"; };
		2ABBCBC72C51AC38002609AF /* GameEngine+MoveValidation.swift */ = {isa = PBXFileReference; lastKnownFileType = sourcecode.swift; path = "GameEngine+MoveValidation.swift"; sourceTree = "<group>"; };
		2ABBCBC92C51ACDC002609AF /* GameEngine+Castling.swift */ = {isa = PBXFileReference; lastKnownFileType = sourcecode.swift; path = "GameEngine+Castling.swift"; sourceTree = "<group>"; };
		2ABBCBCB2C51AEFB002609AF /* GameEngine+Moves.swift */ = {isa = PBXFileReference; lastKnownFileType = sourcecode.swift; path = "GameEngine+Moves.swift"; sourceTree = "<group>"; };
		2AC0C0382C3BB31300C1B9F4 /* Move.swift */ = {isa = PBXFileReference; lastKnownFileType = sourcecode.swift; path = Move.swift; sourceTree = "<group>"; };
		2AC0C03A2C3C44FF00C1B9F4 /* BoardPosition.swift */ = {isa = PBXFileReference; lastKnownFileType = sourcecode.swift; path = BoardPosition.swift; sourceTree = "<group>"; };
		2AC221FA2C486DD200AB462F /* CastlingSide.swift */ = {isa = PBXFileReference; lastKnownFileType = sourcecode.swift; path = CastlingSide.swift; sourceTree = "<group>"; };
		2ACFF3A12C3B32B400E9F05F /* SettingsView.swift */ = {isa = PBXFileReference; lastKnownFileType = sourcecode.swift; path = SettingsView.swift; sourceTree = "<group>"; };
		2ACFF3A42C3B33CA00E9F05F /* SettingsViewModel.swift */ = {isa = PBXFileReference; lastKnownFileType = sourcecode.swift; path = SettingsViewModel.swift; sourceTree = "<group>"; };
		2ACFF3A62C3B341000E9F05F /* Defaults.swift */ = {isa = PBXFileReference; lastKnownFileType = sourcecode.swift; path = Defaults.swift; sourceTree = "<group>"; };
		2ACFF3A82C3B379C00E9F05F /* Notification.swift */ = {isa = PBXFileReference; lastKnownFileType = sourcecode.swift; path = Notification.swift; sourceTree = "<group>"; };
		2ACFF3AA2C3B3F4A00E9F05F /* Constants.swift */ = {isa = PBXFileReference; lastKnownFileType = sourcecode.swift; path = Constants.swift; sourceTree = "<group>"; };
		2AEEF3492C751DE000BFF8DF /* GameEngine+PrecomputedMoveData.swift */ = {isa = PBXFileReference; lastKnownFileType = sourcecode.swift; path = "GameEngine+PrecomputedMoveData.swift"; sourceTree = "<group>"; };
		2AFA6EA92C748AD10083857E /* Images.swift */ = {isa = PBXFileReference; lastKnownFileType = sourcecode.swift; path = Images.swift; sourceTree = "<group>"; };
		84F469FC2C44785300D2FB5B /* capture.mp3 */ = {isa = PBXFileReference; lastKnownFileType = audio.mp3; path = capture.mp3; sourceTree = "<group>"; };
		84F469FD2C44785300D2FB5B /* move-check.mp3 */ = {isa = PBXFileReference; lastKnownFileType = audio.mp3; path = "move-check.mp3"; sourceTree = "<group>"; };
		84F469FE2C44785300D2FB5B /* move-self.mp3 */ = {isa = PBXFileReference; lastKnownFileType = audio.mp3; path = "move-self.mp3"; sourceTree = "<group>"; };
		84F469FF2C44785300D2FB5B /* castle.mp3 */ = {isa = PBXFileReference; lastKnownFileType = audio.mp3; path = castle.mp3; sourceTree = "<group>"; };
/* End PBXFileReference section */

/* Begin PBXFrameworksBuildPhase section */
		2A31376A2C3AD91200B68401 /* Frameworks */ = {
			isa = PBXFrameworksBuildPhase;
			buildActionMask = 2147483647;
			files = (
			);
			runOnlyForDeploymentPostprocessing = 0;
		};
		2A31377C2C3AD91400B68401 /* Frameworks */ = {
			isa = PBXFrameworksBuildPhase;
			buildActionMask = 2147483647;
			files = (
			);
			runOnlyForDeploymentPostprocessing = 0;
		};
		2A3137862C3AD91400B68401 /* Frameworks */ = {
			isa = PBXFrameworksBuildPhase;
			buildActionMask = 2147483647;
			files = (
			);
			runOnlyForDeploymentPostprocessing = 0;
		};
/* End PBXFrameworksBuildPhase section */

/* Begin PBXGroup section */
		2A20C95C2C4B169600533CFB /* Helpers */ = {
			isa = PBXGroup;
			children = (
				2A20C95D2C4B16A400533CFB /* MockDefaults.swift */,
				2A8F23292D3403B600238175 /* MockAIEngine.swift */,
			);
			path = Helpers;
			sourceTree = "<group>";
		};
		2A3137602C3AD91100B68401 = {
			isa = PBXGroup;
			children = (
				2A3137712C3AD91200B68401 /* ChessOnlyWatchOS Watch App */,
				2A3137822C3AD91400B68401 /* ChessOnlyWatchOS Watch AppTests */,
				2A31378C2C3AD91400B68401 /* ChessOnlyWatchOS Watch AppUITests */,
				2A3137682C3AD91200B68401 /* Products */,
			);
			sourceTree = "<group>";
		};
		2A3137682C3AD91200B68401 /* Products */ = {
			isa = PBXGroup;
			children = (
				2A3137672C3AD91200B68401 /* ChessOnlyWatchOS.app */,
				2A31376D2C3AD91200B68401 /* ChessOnlyWatchOS Watch App.app */,
				2A31377F2C3AD91400B68401 /* ChessOnlyWatchOS Watch AppTests.xctest */,
				2A3137892C3AD91400B68401 /* ChessOnlyWatchOS Watch AppUITests.xctest */,
			);
			name = Products;
			sourceTree = "<group>";
		};
		2A3137712C3AD91200B68401 /* ChessOnlyWatchOS Watch App */ = {
			isa = PBXGroup;
			children = (
				2A3137722C3AD91200B68401 /* ChessOnlyWatchOSApp.swift */,
				2A3137A02C3ADA8400B68401 /* Screens */,
				2A3137A32C3AE58700B68401 /* Controls */,
				2A3137B52C3B15F400B68401 /* Services */,
				2A3137A62C3AF37200B68401 /* Models */,
				2A3137B02C3AFBD500B68401 /* Extensions & Utils */,
				2A3137AD2C3AF43700B68401 /* Resources */,
				2A8F231F2D33E56600238175 /* Supporting Files */,
				2A3137782C3AD91400B68401 /* Preview Content */,
			);
			path = "ChessOnlyWatchOS Watch App";
			sourceTree = "<group>";
		};
		2A3137782C3AD91400B68401 /* Preview Content */ = {
			isa = PBXGroup;
			children = (
				2A3137792C3AD91400B68401 /* Preview Assets.xcassets */,
			);
			path = "Preview Content";
			sourceTree = "<group>";
		};
		2A3137822C3AD91400B68401 /* ChessOnlyWatchOS Watch AppTests */ = {
			isa = PBXGroup;
			children = (
				2A20C95C2C4B169600533CFB /* Helpers */,
				2AA2D9442C5D77E4004E7EB9 /* Extensions & Utils */,
				2A20C95A2C4B147900533CFB /* GameEngineTests.swift */,
				2A8F23272D34039C00238175 /* MoveTests.swift */,
			);
			path = "ChessOnlyWatchOS Watch AppTests";
			sourceTree = "<group>";
		};
		2A31378C2C3AD91400B68401 /* ChessOnlyWatchOS Watch AppUITests */ = {
			isa = PBXGroup;
			children = (
				2A31378D2C3AD91400B68401 /* ChessOnlyWatchOS_Watch_AppUITests.swift */,
				2A31378F2C3AD91400B68401 /* ChessOnlyWatchOS_Watch_AppUITestsLaunchTests.swift */,
			);
			path = "ChessOnlyWatchOS Watch AppUITests";
			sourceTree = "<group>";
		};
		2A3137A02C3ADA8400B68401 /* Screens */ = {
			isa = PBXGroup;
			children = (
				2A3137A92C3AF3FB00B68401 /* Start */,
				2A3137AA2C3AF40100B68401 /* GameField */,
				2ACFF3A32C3B32BA00E9F05F /* Settings */,
			);
			path = Screens;
			sourceTree = "<group>";
		};
		2A3137A32C3AE58700B68401 /* Controls */ = {
			isa = PBXGroup;
			children = (
				2A3137B62C3B166200B68401 /* CellPicker.swift */,
				2A3137A42C3AE59700B68401 /* CompactButton.swift */,
			);
			path = Controls;
			sourceTree = "<group>";
		};
		2A3137A62C3AF37200B68401 /* Models */ = {
			isa = PBXGroup;
			children = (
				2A3137A72C3AF38700B68401 /* Piece.swift */,
				2AC0C0382C3BB31300C1B9F4 /* Move.swift */,
				2AC0C03A2C3C44FF00C1B9F4 /* BoardPosition.swift */,
				2A2EC7A52C3F1E1E00F0AFBE /* BoardColorTheme.swift */,
				2AC221FA2C486DD200AB462F /* CastlingSide.swift */,
			);
			path = Models;
			sourceTree = "<group>";
		};
		2A3137A92C3AF3FB00B68401 /* Start */ = {
			isa = PBXGroup;
			children = (
				2A3137A12C3AE57200B68401 /* StartView.swift */,
			);
			path = Start;
			sourceTree = "<group>";
		};
		2A3137AA2C3AF40100B68401 /* GameField */ = {
			isa = PBXGroup;
			children = (
				2A3137742C3AD91200B68401 /* GameFieldView.swift */,
				2A3137AB2C3AF41300B68401 /* GameFieldViewModel.swift */,
			);
			path = GameField;
			sourceTree = "<group>";
		};
		2A3137AD2C3AF43700B68401 /* Resources */ = {
			isa = PBXGroup;
			children = (
				84E3DCEF2C4441BD006CFD62 /* Sounds */,
				2A3137762C3AD91400B68401 /* Assets.xcassets */,
				2A2EC7A72C3F21BE00F0AFBE /* Colors.swift */,
				2AFA6EA92C748AD10083857E /* Images.swift */,
			);
			path = Resources;
			sourceTree = "<group>";
		};
		2A3137B02C3AFBD500B68401 /* Extensions & Utils */ = {
			isa = PBXGroup;
			children = (
				2A3137B12C3AFBE600B68401 /* Collection.swift */,
				2A3137B32C3AFCF500B68401 /* View.swift */,
				2ACFF3A82C3B379C00E9F05F /* Notification.swift */,
				2ACFF3AA2C3B3F4A00E9F05F /* Constants.swift */,
				2A8F23242D33F47300238175 /* Move+Formatting.swift */,
				2A7032032D340C2D001F23FA /* IntMoveConverter.swift */,
				2A7032052D34404B001F23FA /* MatrixPrinter.swift */,
			);
			path = "Extensions & Utils";
			sourceTree = "<group>";
		};
		2A3137B52C3B15F400B68401 /* Services */ = {
			isa = PBXGroup;
			children = (
				2ABBCBBB2C51A4E5002609AF /* GameEngine */,
				2A8F231C2D33E4A000238175 /* AIEngine */,
				2ACFF3A62C3B341000E9F05F /* Defaults.swift */,
			);
			path = Services;
			sourceTree = "<group>";
		};
		2A8F231C2D33E4A000238175 /* AIEngine */ = {
			isa = PBXGroup;
			children = (
				2A8F23202D33E57F00238175 /* AIEngine.swift */,
			);
			path = AIEngine;
			sourceTree = "<group>";
		};
		2A8F231F2D33E56600238175 /* Supporting Files */ = {
			isa = PBXGroup;
			children = (
				2A8F23222D33F2A700238175 /* heavy_move_to_int.json */,
				2A8F231D2D33E4CC00238175 /* chess_model_from_export.mlpackage */,
			);
			path = "Supporting Files";
			sourceTree = "<group>";
		};
		2AA2D9442C5D77E4004E7EB9 /* Extensions & Utils */ = {
			isa = PBXGroup;
			children = (
				2AA2D9452C5D77FD004E7EB9 /* MeasureTime.swift */,
			);
			path = "Extensions & Utils";
			sourceTree = "<group>";
		};
		2ABBCBBB2C51A4E5002609AF /* GameEngine */ = {
			isa = PBXGroup;
			children = (
				2ABBCBBE2C51A871002609AF /* Helpers */,
				2A3137AE2C3AF47800B68401 /* GameEngine.swift */,
			);
			path = GameEngine;
			sourceTree = "<group>";
		};
		2ABBCBBE2C51A871002609AF /* Helpers */ = {
			isa = PBXGroup;
			children = (
				2ABBCBBC2C51A66E002609AF /* GameEngine+SlidingMoves.swift */,
				2ABBCBBF2C51A9D3002609AF /* GameEngine+KnightMoves.swift */,
				2ABBCBC12C51AA53002609AF /* GameEngine+KingMoves.swift */,
				2ABBCBC32C51AAF9002609AF /* GameEngine+PawnMoves.swift */,
				2ABBCBC52C51ABDA002609AF /* GameEngine+FENLoader.swift */,
				2ABBCBC72C51AC38002609AF /* GameEngine+MoveValidation.swift */,
				2ABBCBC92C51ACDC002609AF /* GameEngine+Castling.swift */,
				2ABBCBCB2C51AEFB002609AF /* GameEngine+Moves.swift */,
				2AA17F992C5681C300E1CD05 /* GameEngine+AI.swift */,
				2AEEF3492C751DE000BFF8DF /* GameEngine+PrecomputedMoveData.swift */,
			);
			path = Helpers;
			sourceTree = "<group>";
		};
		2ACFF3A32C3B32BA00E9F05F /* Settings */ = {
			isa = PBXGroup;
			children = (
				2ACFF3A12C3B32B400E9F05F /* SettingsView.swift */,
				2ACFF3A42C3B33CA00E9F05F /* SettingsViewModel.swift */,
			);
			path = Settings;
			sourceTree = "<group>";
		};
		84E3DCEF2C4441BD006CFD62 /* Sounds */ = {
			isa = PBXGroup;
			children = (
				84F469FC2C44785300D2FB5B /* capture.mp3 */,
				84F469FF2C44785300D2FB5B /* castle.mp3 */,
				84F469FD2C44785300D2FB5B /* move-check.mp3 */,
				84F469FE2C44785300D2FB5B /* move-self.mp3 */,
			);
			path = Sounds;
			sourceTree = "<group>";
		};
/* End PBXGroup section */

/* Begin PBXNativeTarget section */
		2A3137662C3AD91200B68401 /* ChessOnlyWatchOS */ = {
			isa = PBXNativeTarget;
			buildConfigurationList = 2A3137972C3AD91400B68401 /* Build configuration list for PBXNativeTarget "ChessOnlyWatchOS" */;
			buildPhases = (
				2A3137652C3AD91200B68401 /* Resources */,
				2A3137962C3AD91400B68401 /* Embed Watch Content */,
			);
			buildRules = (
			);
			dependencies = (
				2A3137702C3AD91200B68401 /* PBXTargetDependency */,
			);
			name = ChessOnlyWatchOS;
			productName = ChessOnlyWatchOS;
			productReference = 2A3137672C3AD91200B68401 /* ChessOnlyWatchOS.app */;
			productType = "com.apple.product-type.application.watchapp2-container";
		};
		2A31376C2C3AD91200B68401 /* ChessOnlyWatchOS Watch App */ = {
			isa = PBXNativeTarget;
			buildConfigurationList = 2A3137932C3AD91400B68401 /* Build configuration list for PBXNativeTarget "ChessOnlyWatchOS Watch App" */;
			buildPhases = (
				2A3137692C3AD91200B68401 /* Sources */,
				2A31376A2C3AD91200B68401 /* Frameworks */,
				2A31376B2C3AD91200B68401 /* Resources */,
			);
			buildRules = (
			);
			dependencies = (
			);
			name = "ChessOnlyWatchOS Watch App";
			productName = "ChessOnlyWatchOS Watch App";
			productReference = 2A31376D2C3AD91200B68401 /* ChessOnlyWatchOS Watch App.app */;
			productType = "com.apple.product-type.application";
		};
		2A31377E2C3AD91400B68401 /* ChessOnlyWatchOS Watch AppTests */ = {
			isa = PBXNativeTarget;
			buildConfigurationList = 2A31379A2C3AD91400B68401 /* Build configuration list for PBXNativeTarget "ChessOnlyWatchOS Watch AppTests" */;
			buildPhases = (
				2A31377B2C3AD91400B68401 /* Sources */,
				2A31377C2C3AD91400B68401 /* Frameworks */,
				2A31377D2C3AD91400B68401 /* Resources */,
			);
			buildRules = (
			);
			dependencies = (
				2A3137812C3AD91400B68401 /* PBXTargetDependency */,
			);
			name = "ChessOnlyWatchOS Watch AppTests";
			productName = "ChessOnlyWatchOS Watch AppTests";
			productReference = 2A31377F2C3AD91400B68401 /* ChessOnlyWatchOS Watch AppTests.xctest */;
			productType = "com.apple.product-type.bundle.unit-test";
		};
		2A3137882C3AD91400B68401 /* ChessOnlyWatchOS Watch AppUITests */ = {
			isa = PBXNativeTarget;
			buildConfigurationList = 2A31379D2C3AD91400B68401 /* Build configuration list for PBXNativeTarget "ChessOnlyWatchOS Watch AppUITests" */;
			buildPhases = (
				2A3137852C3AD91400B68401 /* Sources */,
				2A3137862C3AD91400B68401 /* Frameworks */,
				2A3137872C3AD91400B68401 /* Resources */,
			);
			buildRules = (
			);
			dependencies = (
				2A31378B2C3AD91400B68401 /* PBXTargetDependency */,
			);
			name = "ChessOnlyWatchOS Watch AppUITests";
			productName = "ChessOnlyWatchOS Watch AppUITests";
			productReference = 2A3137892C3AD91400B68401 /* ChessOnlyWatchOS Watch AppUITests.xctest */;
			productType = "com.apple.product-type.bundle.ui-testing";
		};
/* End PBXNativeTarget section */

/* Begin PBXProject section */
		2A3137612C3AD91100B68401 /* Project object */ = {
			isa = PBXProject;
			attributes = {
				BuildIndependentTargetsInParallel = 1;
				LastSwiftUpdateCheck = 1520;
				LastUpgradeCheck = 1520;
				TargetAttributes = {
					2A3137662C3AD91200B68401 = {
						CreatedOnToolsVersion = 15.2;
					};
					2A31376C2C3AD91200B68401 = {
						CreatedOnToolsVersion = 15.2;
					};
					2A31377E2C3AD91400B68401 = {
						CreatedOnToolsVersion = 15.2;
						TestTargetID = 2A31376C2C3AD91200B68401;
					};
					2A3137882C3AD91400B68401 = {
						CreatedOnToolsVersion = 15.2;
						TestTargetID = 2A31376C2C3AD91200B68401;
					};
				};
			};
			buildConfigurationList = 2A3137642C3AD91100B68401 /* Build configuration list for PBXProject "ChessOnlyWatchOS" */;
			compatibilityVersion = "Xcode 14.0";
			developmentRegion = en;
			hasScannedForEncodings = 0;
			knownRegions = (
				en,
				Base,
			);
			mainGroup = 2A3137602C3AD91100B68401;
			productRefGroup = 2A3137682C3AD91200B68401 /* Products */;
			projectDirPath = "";
			projectRoot = "";
			targets = (
				2A3137662C3AD91200B68401 /* ChessOnlyWatchOS */,
				2A31376C2C3AD91200B68401 /* ChessOnlyWatchOS Watch App */,
				2A31377E2C3AD91400B68401 /* ChessOnlyWatchOS Watch AppTests */,
				2A3137882C3AD91400B68401 /* ChessOnlyWatchOS Watch AppUITests */,
			);
		};
/* End PBXProject section */

/* Begin PBXResourcesBuildPhase section */
		2A3137652C3AD91200B68401 /* Resources */ = {
			isa = PBXResourcesBuildPhase;
			buildActionMask = 2147483647;
			files = (
			);
			runOnlyForDeploymentPostprocessing = 0;
		};
		2A31376B2C3AD91200B68401 /* Resources */ = {
			isa = PBXResourcesBuildPhase;
			buildActionMask = 2147483647;
			files = (
				84F46A002C44785300D2FB5B /* capture.mp3 in Resources */,
				2A31377A2C3AD91400B68401 /* Preview Assets.xcassets in Resources */,
				84F46A032C44785300D2FB5B /* castle.mp3 in Resources */,
				84F46A022C44785300D2FB5B /* move-self.mp3 in Resources */,
				2A8F23232D33F2A700238175 /* heavy_move_to_int.json in Resources */,
				84F46A012C44785300D2FB5B /* move-check.mp3 in Resources */,
				2A3137772C3AD91400B68401 /* Assets.xcassets in Resources */,
			);
			runOnlyForDeploymentPostprocessing = 0;
		};
		2A31377D2C3AD91400B68401 /* Resources */ = {
			isa = PBXResourcesBuildPhase;
			buildActionMask = 2147483647;
			files = (
			);
			runOnlyForDeploymentPostprocessing = 0;
		};
		2A3137872C3AD91400B68401 /* Resources */ = {
			isa = PBXResourcesBuildPhase;
			buildActionMask = 2147483647;
			files = (
			);
			runOnlyForDeploymentPostprocessing = 0;
		};
/* End PBXResourcesBuildPhase section */

/* Begin PBXSourcesBuildPhase section */
		2A3137692C3AD91200B68401 /* Sources */ = {
			isa = PBXSourcesBuildPhase;
			buildActionMask = 2147483647;
			files = (
				2A8F23252D33F47300238175 /* Move+Formatting.swift in Sources */,
				2ABBCBC42C51AAF9002609AF /* GameEngine+PawnMoves.swift in Sources */,
				2A3137A22C3AE57200B68401 /* StartView.swift in Sources */,
				2ABBCBC02C51A9D3002609AF /* GameEngine+KnightMoves.swift in Sources */,
				2ACFF3A72C3B341000E9F05F /* Defaults.swift in Sources */,
				2ABBCBC22C51AA53002609AF /* GameEngine+KingMoves.swift in Sources */,
				2A3137AC2C3AF41300B68401 /* GameFieldViewModel.swift in Sources */,
				2A2EC7A62C3F1E1E00F0AFBE /* BoardColorTheme.swift in Sources */,
				2AFA6EAA2C748AD10083857E /* Images.swift in Sources */,
				2A3137A52C3AE59700B68401 /* CompactButton.swift in Sources */,
				2A3137A82C3AF38700B68401 /* Piece.swift in Sources */,
				2A8F231E2D33E4CC00238175 /* chess_model_from_export.mlpackage in Sources */,
				2ACFF3AB2C3B3F4A00E9F05F /* Constants.swift in Sources */,
				2A8F23212D33E57F00238175 /* AIEngine.swift in Sources */,
				2ABBCBCC2C51AEFB002609AF /* GameEngine+Moves.swift in Sources */,
				2A3137AF2C3AF47800B68401 /* GameEngine.swift in Sources */,
				2A3137B42C3AFCF500B68401 /* View.swift in Sources */,
				2AC0C03B2C3C44FF00C1B9F4 /* BoardPosition.swift in Sources */,
				2A3137B22C3AFBE600B68401 /* Collection.swift in Sources */,
				2AC221FB2C486DD200AB462F /* CastlingSide.swift in Sources */,
				2A3137752C3AD91200B68401 /* GameFieldView.swift in Sources */,
				2ABBCBBD2C51A66E002609AF /* GameEngine+SlidingMoves.swift in Sources */,
				2ABBCBCA2C51ACDC002609AF /* GameEngine+Castling.swift in Sources */,
				2ABBCBC62C51ABDA002609AF /* GameEngine+FENLoader.swift in Sources */,
				2AA17F9A2C5681C300E1CD05 /* GameEngine+AI.swift in Sources */,
				2A7032042D340C2D001F23FA /* IntMoveConverter.swift in Sources */,
				2A2EC7A82C3F21BE00F0AFBE /* Colors.swift in Sources */,
				2ABBCBC82C51AC38002609AF /* GameEngine+MoveValidation.swift in Sources */,
				2AEEF34A2C751DE000BFF8DF /* GameEngine+PrecomputedMoveData.swift in Sources */,
				2A3137732C3AD91200B68401 /* ChessOnlyWatchOSApp.swift in Sources */,
				2ACFF3A92C3B379C00E9F05F /* Notification.swift in Sources */,
				2AC0C0392C3BB31300C1B9F4 /* Move.swift in Sources */,
				2A3137B72C3B166200B68401 /* CellPicker.swift in Sources */,
				2ACFF3A22C3B32B400E9F05F /* SettingsView.swift in Sources */,
				2ACFF3A52C3B33CA00E9F05F /* SettingsViewModel.swift in Sources */,
				2A7032062D34404B001F23FA /* MatrixPrinter.swift in Sources */,
			);
			runOnlyForDeploymentPostprocessing = 0;
		};
		2A31377B2C3AD91400B68401 /* Sources */ = {
			isa = PBXSourcesBuildPhase;
			buildActionMask = 2147483647;
			files = (
				2A8F23282D34039C00238175 /* MoveTests.swift in Sources */,
				2A20C95B2C4B147900533CFB /* GameEngineTests.swift in Sources */,
				2AA2D9462C5D77FD004E7EB9 /* MeasureTime.swift in Sources */,
				2A20C95E2C4B16A400533CFB /* MockDefaults.swift in Sources */,
				2A8F232A2D3403B600238175 /* MockAIEngine.swift in Sources */,
			);
			runOnlyForDeploymentPostprocessing = 0;
		};
		2A3137852C3AD91400B68401 /* Sources */ = {
			isa = PBXSourcesBuildPhase;
			buildActionMask = 2147483647;
			files = (
				2A31378E2C3AD91400B68401 /* ChessOnlyWatchOS_Watch_AppUITests.swift in Sources */,
				2A3137902C3AD91400B68401 /* ChessOnlyWatchOS_Watch_AppUITestsLaunchTests.swift in Sources */,
			);
			runOnlyForDeploymentPostprocessing = 0;
		};
/* End PBXSourcesBuildPhase section */

/* Begin PBXTargetDependency section */
		2A3137702C3AD91200B68401 /* PBXTargetDependency */ = {
			isa = PBXTargetDependency;
			target = 2A31376C2C3AD91200B68401 /* ChessOnlyWatchOS Watch App */;
			targetProxy = 2A31376F2C3AD91200B68401 /* PBXContainerItemProxy */;
		};
		2A3137812C3AD91400B68401 /* PBXTargetDependency */ = {
			isa = PBXTargetDependency;
			target = 2A31376C2C3AD91200B68401 /* ChessOnlyWatchOS Watch App */;
			targetProxy = 2A3137802C3AD91400B68401 /* PBXContainerItemProxy */;
		};
		2A31378B2C3AD91400B68401 /* PBXTargetDependency */ = {
			isa = PBXTargetDependency;
			target = 2A31376C2C3AD91200B68401 /* ChessOnlyWatchOS Watch App */;
			targetProxy = 2A31378A2C3AD91400B68401 /* PBXContainerItemProxy */;
		};
/* End PBXTargetDependency section */

/* Begin XCBuildConfiguration section */
		2A3137912C3AD91400B68401 /* Debug */ = {
			isa = XCBuildConfiguration;
			buildSettings = {
				ALWAYS_SEARCH_USER_PATHS = NO;
				ASSETCATALOG_COMPILER_GENERATE_SWIFT_ASSET_SYMBOL_EXTENSIONS = YES;
				CLANG_ANALYZER_NONNULL = YES;
				CLANG_ANALYZER_NUMBER_OBJECT_CONVERSION = YES_AGGRESSIVE;
				CLANG_CXX_LANGUAGE_STANDARD = "gnu++20";
				CLANG_ENABLE_MODULES = YES;
				CLANG_ENABLE_OBJC_ARC = YES;
				CLANG_ENABLE_OBJC_WEAK = YES;
				CLANG_WARN_BLOCK_CAPTURE_AUTORELEASING = YES;
				CLANG_WARN_BOOL_CONVERSION = YES;
				CLANG_WARN_COMMA = YES;
				CLANG_WARN_CONSTANT_CONVERSION = YES;
				CLANG_WARN_DEPRECATED_OBJC_IMPLEMENTATIONS = YES;
				CLANG_WARN_DIRECT_OBJC_ISA_USAGE = YES_ERROR;
				CLANG_WARN_DOCUMENTATION_COMMENTS = YES;
				CLANG_WARN_EMPTY_BODY = YES;
				CLANG_WARN_ENUM_CONVERSION = YES;
				CLANG_WARN_INFINITE_RECURSION = YES;
				CLANG_WARN_INT_CONVERSION = YES;
				CLANG_WARN_NON_LITERAL_NULL_CONVERSION = YES;
				CLANG_WARN_OBJC_IMPLICIT_RETAIN_SELF = YES;
				CLANG_WARN_OBJC_LITERAL_CONVERSION = YES;
				CLANG_WARN_OBJC_ROOT_CLASS = YES_ERROR;
				CLANG_WARN_QUOTED_INCLUDE_IN_FRAMEWORK_HEADER = YES;
				CLANG_WARN_RANGE_LOOP_ANALYSIS = YES;
				CLANG_WARN_STRICT_PROTOTYPES = YES;
				CLANG_WARN_SUSPICIOUS_MOVE = YES;
				CLANG_WARN_UNGUARDED_AVAILABILITY = YES_AGGRESSIVE;
				CLANG_WARN_UNREACHABLE_CODE = YES;
				CLANG_WARN__DUPLICATE_METHOD_MATCH = YES;
				COPY_PHASE_STRIP = NO;
				DEBUG_INFORMATION_FORMAT = dwarf;
				ENABLE_STRICT_OBJC_MSGSEND = YES;
				ENABLE_TESTABILITY = YES;
				ENABLE_USER_SCRIPT_SANDBOXING = YES;
				GCC_C_LANGUAGE_STANDARD = gnu17;
				GCC_DYNAMIC_NO_PIC = NO;
				GCC_NO_COMMON_BLOCKS = YES;
				GCC_OPTIMIZATION_LEVEL = 0;
				GCC_PREPROCESSOR_DEFINITIONS = (
					"DEBUG=1",
					"$(inherited)",
				);
				GCC_WARN_64_TO_32_BIT_CONVERSION = YES;
				GCC_WARN_ABOUT_RETURN_TYPE = YES_ERROR;
				GCC_WARN_UNDECLARED_SELECTOR = YES;
				GCC_WARN_UNINITIALIZED_AUTOS = YES_AGGRESSIVE;
				GCC_WARN_UNUSED_FUNCTION = YES;
				GCC_WARN_UNUSED_VARIABLE = YES;
				LOCALIZATION_PREFERS_STRING_CATALOGS = YES;
				MTL_ENABLE_DEBUG_INFO = INCLUDE_SOURCE;
				MTL_FAST_MATH = YES;
				ONLY_ACTIVE_ARCH = YES;
				SWIFT_ACTIVE_COMPILATION_CONDITIONS = "DEBUG $(inherited)";
				SWIFT_OPTIMIZATION_LEVEL = "-Onone";
				WATCHOS_DEPLOYMENT_TARGET = 8.0;
			};
			name = Debug;
		};
		2A3137922C3AD91400B68401 /* Release */ = {
			isa = XCBuildConfiguration;
			buildSettings = {
				ALWAYS_SEARCH_USER_PATHS = NO;
				ASSETCATALOG_COMPILER_GENERATE_SWIFT_ASSET_SYMBOL_EXTENSIONS = YES;
				CLANG_ANALYZER_NONNULL = YES;
				CLANG_ANALYZER_NUMBER_OBJECT_CONVERSION = YES_AGGRESSIVE;
				CLANG_CXX_LANGUAGE_STANDARD = "gnu++20";
				CLANG_ENABLE_MODULES = YES;
				CLANG_ENABLE_OBJC_ARC = YES;
				CLANG_ENABLE_OBJC_WEAK = YES;
				CLANG_WARN_BLOCK_CAPTURE_AUTORELEASING = YES;
				CLANG_WARN_BOOL_CONVERSION = YES;
				CLANG_WARN_COMMA = YES;
				CLANG_WARN_CONSTANT_CONVERSION = YES;
				CLANG_WARN_DEPRECATED_OBJC_IMPLEMENTATIONS = YES;
				CLANG_WARN_DIRECT_OBJC_ISA_USAGE = YES_ERROR;
				CLANG_WARN_DOCUMENTATION_COMMENTS = YES;
				CLANG_WARN_EMPTY_BODY = YES;
				CLANG_WARN_ENUM_CONVERSION = YES;
				CLANG_WARN_INFINITE_RECURSION = YES;
				CLANG_WARN_INT_CONVERSION = YES;
				CLANG_WARN_NON_LITERAL_NULL_CONVERSION = YES;
				CLANG_WARN_OBJC_IMPLICIT_RETAIN_SELF = YES;
				CLANG_WARN_OBJC_LITERAL_CONVERSION = YES;
				CLANG_WARN_OBJC_ROOT_CLASS = YES_ERROR;
				CLANG_WARN_QUOTED_INCLUDE_IN_FRAMEWORK_HEADER = YES;
				CLANG_WARN_RANGE_LOOP_ANALYSIS = YES;
				CLANG_WARN_STRICT_PROTOTYPES = YES;
				CLANG_WARN_SUSPICIOUS_MOVE = YES;
				CLANG_WARN_UNGUARDED_AVAILABILITY = YES_AGGRESSIVE;
				CLANG_WARN_UNREACHABLE_CODE = YES;
				CLANG_WARN__DUPLICATE_METHOD_MATCH = YES;
				COPY_PHASE_STRIP = NO;
				DEBUG_INFORMATION_FORMAT = "dwarf-with-dsym";
				ENABLE_NS_ASSERTIONS = NO;
				ENABLE_STRICT_OBJC_MSGSEND = YES;
				ENABLE_USER_SCRIPT_SANDBOXING = YES;
				GCC_C_LANGUAGE_STANDARD = gnu17;
				GCC_NO_COMMON_BLOCKS = YES;
				GCC_WARN_64_TO_32_BIT_CONVERSION = YES;
				GCC_WARN_ABOUT_RETURN_TYPE = YES_ERROR;
				GCC_WARN_UNDECLARED_SELECTOR = YES;
				GCC_WARN_UNINITIALIZED_AUTOS = YES_AGGRESSIVE;
				GCC_WARN_UNUSED_FUNCTION = YES;
				GCC_WARN_UNUSED_VARIABLE = YES;
				LOCALIZATION_PREFERS_STRING_CATALOGS = YES;
				MTL_ENABLE_DEBUG_INFO = NO;
				MTL_FAST_MATH = YES;
				SWIFT_COMPILATION_MODE = wholemodule;
				WATCHOS_DEPLOYMENT_TARGET = 8.0;
			};
			name = Release;
		};
		2A3137942C3AD91400B68401 /* Debug */ = {
			isa = XCBuildConfiguration;
			buildSettings = {
				ASSETCATALOG_COMPILER_APPICON_NAME = AppIcon;
				ASSETCATALOG_COMPILER_GLOBAL_ACCENT_COLOR_NAME = AccentColor;
				CODE_SIGN_STYLE = Automatic;
				CURRENT_PROJECT_VERSION = 1;
				DEVELOPMENT_ASSET_PATHS = "\"ChessOnlyWatchOS Watch App/Preview Content\"";
				DEVELOPMENT_TEAM = QN4J7445H4;
				ENABLE_PREVIEWS = YES;
				GENERATE_INFOPLIST_FILE = YES;
				INFOPLIST_KEY_CFBundleDisplayName = ChessOnlyWatchOS;
				INFOPLIST_KEY_UISupportedInterfaceOrientations = "UIInterfaceOrientationPortrait UIInterfaceOrientationPortraitUpsideDown";
				INFOPLIST_KEY_WKWatchOnly = YES;
				LD_RUNPATH_SEARCH_PATHS = (
					"$(inherited)",
					"@executable_path/Frameworks",
				);
				MARKETING_VERSION = 1.0;
				PRODUCT_BUNDLE_IDENTIFIER = com.ordinary.ChessOnlyWatchOS.watchkitapp;
				PRODUCT_NAME = "$(TARGET_NAME)";
				SDKROOT = watchos;
				SKIP_INSTALL = YES;
				SWIFT_EMIT_LOC_STRINGS = YES;
				SWIFT_VERSION = 5.0;
				TARGETED_DEVICE_FAMILY = 4;
				WATCHOS_DEPLOYMENT_TARGET = 8.0;
			};
			name = Debug;
		};
		2A3137952C3AD91400B68401 /* Release */ = {
			isa = XCBuildConfiguration;
			buildSettings = {
				ASSETCATALOG_COMPILER_APPICON_NAME = AppIcon;
				ASSETCATALOG_COMPILER_GLOBAL_ACCENT_COLOR_NAME = AccentColor;
				CODE_SIGN_STYLE = Automatic;
				CURRENT_PROJECT_VERSION = 1;
				DEVELOPMENT_ASSET_PATHS = "\"ChessOnlyWatchOS Watch App/Preview Content\"";
				DEVELOPMENT_TEAM = QN4J7445H4;
				ENABLE_PREVIEWS = YES;
				GENERATE_INFOPLIST_FILE = YES;
				INFOPLIST_KEY_CFBundleDisplayName = ChessOnlyWatchOS;
				INFOPLIST_KEY_UISupportedInterfaceOrientations = "UIInterfaceOrientationPortrait UIInterfaceOrientationPortraitUpsideDown";
				INFOPLIST_KEY_WKWatchOnly = YES;
				LD_RUNPATH_SEARCH_PATHS = (
					"$(inherited)",
					"@executable_path/Frameworks",
				);
				MARKETING_VERSION = 1.0;
				PRODUCT_BUNDLE_IDENTIFIER = com.ordinary.ChessOnlyWatchOS.watchkitapp;
				PRODUCT_NAME = "$(TARGET_NAME)";
				SDKROOT = watchos;
				SKIP_INSTALL = YES;
				SWIFT_EMIT_LOC_STRINGS = YES;
				SWIFT_VERSION = 5.0;
				TARGETED_DEVICE_FAMILY = 4;
				VALIDATE_PRODUCT = YES;
				WATCHOS_DEPLOYMENT_TARGET = 8.0;
			};
			name = Release;
		};
		2A3137982C3AD91400B68401 /* Debug */ = {
			isa = XCBuildConfiguration;
			buildSettings = {
				ALWAYS_EMBED_SWIFT_STANDARD_LIBRARIES = YES;
				CODE_SIGN_STYLE = Automatic;
				CURRENT_PROJECT_VERSION = 1;
				DEVELOPMENT_TEAM = QN4J7445H4;
				INFOPLIST_KEY_CFBundleDisplayName = ChessOnlyWatchOS;
				MARKETING_VERSION = 1.0;
				PRODUCT_BUNDLE_IDENTIFIER = com.ordinary.ChessOnlyWatchOS;
				PRODUCT_NAME = "$(TARGET_NAME)";
				SDKROOT = iphoneos;
				SWIFT_VERSION = 5.0;
			};
			name = Debug;
		};
		2A3137992C3AD91400B68401 /* Release */ = {
			isa = XCBuildConfiguration;
			buildSettings = {
				ALWAYS_EMBED_SWIFT_STANDARD_LIBRARIES = YES;
				CODE_SIGN_STYLE = Automatic;
				CURRENT_PROJECT_VERSION = 1;
				DEVELOPMENT_TEAM = QN4J7445H4;
				INFOPLIST_KEY_CFBundleDisplayName = ChessOnlyWatchOS;
				MARKETING_VERSION = 1.0;
				PRODUCT_BUNDLE_IDENTIFIER = com.ordinary.ChessOnlyWatchOS;
				PRODUCT_NAME = "$(TARGET_NAME)";
				SDKROOT = iphoneos;
				SWIFT_VERSION = 5.0;
				VALIDATE_PRODUCT = YES;
			};
			name = Release;
		};
		2A31379B2C3AD91400B68401 /* Debug */ = {
			isa = XCBuildConfiguration;
			buildSettings = {
				ALWAYS_EMBED_SWIFT_STANDARD_LIBRARIES = YES;
				BUNDLE_LOADER = "$(TEST_HOST)";
				CODE_SIGN_STYLE = Automatic;
				CURRENT_PROJECT_VERSION = 1;
				DEVELOPMENT_TEAM = QN4J7445H4;
				GENERATE_INFOPLIST_FILE = YES;
				MARKETING_VERSION = 1.0;
				PRODUCT_BUNDLE_IDENTIFIER = "com.ordinary.ChessOnlyWatchOS-Watch-AppTests";
				PRODUCT_NAME = "$(TARGET_NAME)";
				SDKROOT = watchos;
				SWIFT_EMIT_LOC_STRINGS = NO;
				SWIFT_VERSION = 5.0;
				TARGETED_DEVICE_FAMILY = 4;
				TEST_HOST = "$(BUILT_PRODUCTS_DIR)/ChessOnlyWatchOS Watch App.app/$(BUNDLE_EXECUTABLE_FOLDER_PATH)/ChessOnlyWatchOS Watch App";
				WATCHOS_DEPLOYMENT_TARGET = 8.0;
			};
			name = Debug;
		};
		2A31379C2C3AD91400B68401 /* Release */ = {
			isa = XCBuildConfiguration;
			buildSettings = {
				ALWAYS_EMBED_SWIFT_STANDARD_LIBRARIES = YES;
				BUNDLE_LOADER = "$(TEST_HOST)";
				CODE_SIGN_STYLE = Automatic;
				CURRENT_PROJECT_VERSION = 1;
				DEVELOPMENT_TEAM = QN4J7445H4;
				GENERATE_INFOPLIST_FILE = YES;
				MARKETING_VERSION = 1.0;
				PRODUCT_BUNDLE_IDENTIFIER = "com.ordinary.ChessOnlyWatchOS-Watch-AppTests";
				PRODUCT_NAME = "$(TARGET_NAME)";
				SDKROOT = watchos;
				SWIFT_EMIT_LOC_STRINGS = NO;
				SWIFT_VERSION = 5.0;
				TARGETED_DEVICE_FAMILY = 4;
				TEST_HOST = "$(BUILT_PRODUCTS_DIR)/ChessOnlyWatchOS Watch App.app/$(BUNDLE_EXECUTABLE_FOLDER_PATH)/ChessOnlyWatchOS Watch App";
				VALIDATE_PRODUCT = YES;
				WATCHOS_DEPLOYMENT_TARGET = 8.0;
			};
			name = Release;
		};
		2A31379E2C3AD91400B68401 /* Debug */ = {
			isa = XCBuildConfiguration;
			buildSettings = {
				ALWAYS_EMBED_SWIFT_STANDARD_LIBRARIES = YES;
				CODE_SIGN_STYLE = Automatic;
				CURRENT_PROJECT_VERSION = 1;
				DEVELOPMENT_TEAM = QN4J7445H4;
				GENERATE_INFOPLIST_FILE = YES;
				MARKETING_VERSION = 1.0;
				PRODUCT_BUNDLE_IDENTIFIER = "com.ordinary.ChessOnlyWatchOS-Watch-AppUITests";
				PRODUCT_NAME = "$(TARGET_NAME)";
				SDKROOT = watchos;
				SWIFT_EMIT_LOC_STRINGS = NO;
				SWIFT_VERSION = 5.0;
				TARGETED_DEVICE_FAMILY = 4;
				TEST_TARGET_NAME = "ChessOnlyWatchOS Watch App";
				WATCHOS_DEPLOYMENT_TARGET = 8.0;
			};
			name = Debug;
		};
		2A31379F2C3AD91400B68401 /* Release */ = {
			isa = XCBuildConfiguration;
			buildSettings = {
				ALWAYS_EMBED_SWIFT_STANDARD_LIBRARIES = YES;
				CODE_SIGN_STYLE = Automatic;
				CURRENT_PROJECT_VERSION = 1;
				DEVELOPMENT_TEAM = QN4J7445H4;
				GENERATE_INFOPLIST_FILE = YES;
				MARKETING_VERSION = 1.0;
				PRODUCT_BUNDLE_IDENTIFIER = "com.ordinary.ChessOnlyWatchOS-Watch-AppUITests";
				PRODUCT_NAME = "$(TARGET_NAME)";
				SDKROOT = watchos;
				SWIFT_EMIT_LOC_STRINGS = NO;
				SWIFT_VERSION = 5.0;
				TARGETED_DEVICE_FAMILY = 4;
				TEST_TARGET_NAME = "ChessOnlyWatchOS Watch App";
				VALIDATE_PRODUCT = YES;
				WATCHOS_DEPLOYMENT_TARGET = 8.0;
			};
			name = Release;
		};
/* End XCBuildConfiguration section */

/* Begin XCConfigurationList section */
		2A3137642C3AD91100B68401 /* Build configuration list for PBXProject "ChessOnlyWatchOS" */ = {
			isa = XCConfigurationList;
			buildConfigurations = (
				2A3137912C3AD91400B68401 /* Debug */,
				2A3137922C3AD91400B68401 /* Release */,
			);
			defaultConfigurationIsVisible = 0;
			defaultConfigurationName = Release;
		};
		2A3137932C3AD91400B68401 /* Build configuration list for PBXNativeTarget "ChessOnlyWatchOS Watch App" */ = {
			isa = XCConfigurationList;
			buildConfigurations = (
				2A3137942C3AD91400B68401 /* Debug */,
				2A3137952C3AD91400B68401 /* Release */,
			);
			defaultConfigurationIsVisible = 0;
			defaultConfigurationName = Release;
		};
		2A3137972C3AD91400B68401 /* Build configuration list for PBXNativeTarget "ChessOnlyWatchOS" */ = {
			isa = XCConfigurationList;
			buildConfigurations = (
				2A3137982C3AD91400B68401 /* Debug */,
				2A3137992C3AD91400B68401 /* Release */,
			);
			defaultConfigurationIsVisible = 0;
			defaultConfigurationName = Release;
		};
		2A31379A2C3AD91400B68401 /* Build configuration list for PBXNativeTarget "ChessOnlyWatchOS Watch AppTests" */ = {
			isa = XCConfigurationList;
			buildConfigurations = (
				2A31379B2C3AD91400B68401 /* Debug */,
				2A31379C2C3AD91400B68401 /* Release */,
			);
			defaultConfigurationIsVisible = 0;
			defaultConfigurationName = Release;
		};
		2A31379D2C3AD91400B68401 /* Build configuration list for PBXNativeTarget "ChessOnlyWatchOS Watch AppUITests" */ = {
			isa = XCConfigurationList;
			buildConfigurations = (
				2A31379E2C3AD91400B68401 /* Debug */,
				2A31379F2C3AD91400B68401 /* Release */,
			);
			defaultConfigurationIsVisible = 0;
			defaultConfigurationName = Release;
		};
/* End XCConfigurationList section */
	};
	rootObject = 2A3137612C3AD91100B68401 /* Project object */;
}
